
Microsoft Visual Studio Solution File, Format Version 12.00
# Visual Studio Version 17
VisualStudioVersion = 17.3.32825.248
MinimumVisualStudioVersion = 10.0.40219.1
Project("{9A19103F-16F7-4668-BE54-9A1E7A4F7556}") = "ReverseSort_Words", "ReverseSort_Words\ReverseSort_Words.csproj", "{126D8F63-A9B7-4F66-9522-51C8628D3EFB}"
EndProject
Project("{FAE04EC0-301F-11D3-BF4B-00C04F79EFBC}") = "ReverseSort_WordsTests", "ReverseSort_WordsTests\ReverseSort_WordsTests.csproj", "{52A8019B-3564-4EE4-AA10-948D7E5809D5}"
EndProject
Global
	GlobalSection(SolutionConfigurationPlatforms) = preSolution
		Debug|Any CPU = Debug|Any CPU
		Release|Any CPU = Release|Any CPU
	EndGlobalSection
	GlobalSection(ProjectConfigurationPlatforms) = postSolution
		{126D8F63-A9B7-4F66-9522-51C8628D3EFB}.Debug|Any CPU.ActiveCfg = Debug|Any CPU
		{126D8F63-A9B7-4F66-9522-51C8628D3EFB}.Debug|Any CPU.Build.0 = Debug|Any CPU
		{126D8F63-A9B7-4F66-9522-51C8628D3EFB}.Release|Any CPU.ActiveCfg = Release|Any CPU
		{126D8F63-A9B7-4F66-9522-51C8628D3EFB}.Release|Any CPU.Build.0 = Release|Any CPU
		{52A8019B-3564-4EE4-AA10-948D7E5809D5}.Debug|Any CPU.ActiveCfg = Debug|Any CPU
		{52A8019B-3564-4EE4-AA10-948D7E5809D5}.Debug|Any CPU.Build.0 = Debug|Any CPU
		{52A8019B-3564-4EE4-AA10-948D7E5809D5}.Release|Any CPU.ActiveCfg = Release|Any CPU
		{52A8019B-3564-4EE4-AA10-948D7E5809D5}.Release|Any CPU.Build.0 = Release|Any CPU
	EndGlobalSection
	GlobalSection(SolutionProperties) = preSolution
		HideSolutionNode = FALSE
	EndGlobalSection
	GlobalSection(ExtensibilityGlobals) = postSolution
		SolutionGuid = {C6147898-D6DE-4C20-8646-E5FAA9B53307}
	EndGlobalSection
EndGlobal
